
Microsoft Visual Studio Solution File, Format Version 12.00
# Visual Studio Version 17
VisualStudioVersion = 17.11.35222.181
MinimumVisualStudioVersion = 10.0.40219.1
Project("{9A19103F-16F7-4668-BE54-9A1E7A4F7556}") = "LaundryAPI", "LaundryAPI.csproj", "{C46466C7-C86C-486F-8926-D5FEBE9B991C}"
EndProject
Project("{9A19103F-16F7-4668-BE54-9A1E7A4F7556}") = "Application", "..\Application\Application.csproj", "{2956C7FE-AE56-4786-9982-D3C4F18DA352}"
EndProject
Project("{9A19103F-16F7-4668-BE54-9A1E7A4F7556}") = "Domain", "..\Domain\Domain.csproj", "{72FF92AD-95A6-42B2-BD42-AC5D759697FC}"
EndProject
Project("{9A19103F-16F7-4668-BE54-9A1E7A4F7556}") = "Infrastucture", "..\Infrastucture\Infrastucture.csproj", "{F010C5F7-BC53-4AB5-9B01-DD6CAB29D6CB}"
EndProject
Project("{2150E333-8FDC-42A3-9474-1A3956D46DE8}") = "Framework", "Framework", "{C70AECB3-4917-4446-AD11-23D0A777C968}"
EndProject
Global
	GlobalSection(SolutionConfigurationPlatforms) = preSolution
		Debug|Any CPU = Debug|Any CPU
		Release|Any CPU = Release|Any CPU
	EndGlobalSection
	GlobalSection(ProjectConfigurationPlatforms) = postSolution
		{C46466C7-C86C-486F-8926-D5FEBE9B991C}.Debug|Any CPU.ActiveCfg = Debug|Any CPU
		{C46466C7-C86C-486F-8926-D5FEBE9B991C}.Debug|Any CPU.Build.0 = Debug|Any CPU
		{C46466C7-C86C-486F-8926-D5FEBE9B991C}.Release|Any CPU.ActiveCfg = Release|Any CPU
		{C46466C7-C86C-486F-8926-D5FEBE9B991C}.Release|Any CPU.Build.0 = Release|Any CPU
		{2956C7FE-AE56-4786-9982-D3C4F18DA352}.Debug|Any CPU.ActiveCfg = Debug|Any CPU
		{2956C7FE-AE56-4786-9982-D3C4F18DA352}.Debug|Any CPU.Build.0 = Debug|Any CPU
		{2956C7FE-AE56-4786-9982-D3C4F18DA352}.Release|Any CPU.ActiveCfg = Release|Any CPU
		{2956C7FE-AE56-4786-9982-D3C4F18DA352}.Release|Any CPU.Build.0 = Release|Any CPU
		{72FF92AD-95A6-42B2-BD42-AC5D759697FC}.Debug|Any CPU.ActiveCfg = Debug|Any CPU
		{72FF92AD-95A6-42B2-BD42-AC5D759697FC}.Debug|Any CPU.Build.0 = Debug|Any CPU
		{72FF92AD-95A6-42B2-BD42-AC5D759697FC}.Release|Any CPU.ActiveCfg = Release|Any CPU
		{72FF92AD-95A6-42B2-BD42-AC5D759697FC}.Release|Any CPU.Build.0 = Release|Any CPU
		{F010C5F7-BC53-4AB5-9B01-DD6CAB29D6CB}.Debug|Any CPU.ActiveCfg = Debug|Any CPU
		{F010C5F7-BC53-4AB5-9B01-DD6CAB29D6CB}.Debug|Any CPU.Build.0 = Debug|Any CPU
		{F010C5F7-BC53-4AB5-9B01-DD6CAB29D6CB}.Release|Any CPU.ActiveCfg = Release|Any CPU
		{F010C5F7-BC53-4AB5-9B01-DD6CAB29D6CB}.Release|Any CPU.Build.0 = Release|Any CPU
	EndGlobalSection
	GlobalSection(SolutionProperties) = preSolution
		HideSolutionNode = FALSE
	EndGlobalSection
	GlobalSection(ExtensibilityGlobals) = postSolution
		SolutionGuid = {217F5328-4BD5-4900-B05E-3A85AF1B87AE}
	EndGlobalSection
EndGlobal
